# This file is automatically @generated by Cargo.
# It is not intended for manual editing.
version = 3

[[package]]
name = "levoc"
version = "0.1.0"
dependencies = [
 "levoc-parse",
]

[[package]]
name = "levoc-lex"
version = "0.1.0"
dependencies = [
 "unicode-xid",
]

[[package]]
name = "levoc-parse"
version = "0.1.0"
dependencies = [
 "levoc-lex",
]

[[package]]
name = "unicode-xid"
version = "0.2.6"
source = "registry+https://github.com/rust-lang/crates.io-index"
checksum = "ebc1c04c71510c7f702b52b7c350734c9ff1295c464a03335b00bb84fc54f853"
